
Microsoft Visual Studio Solution File, Format Version 12.00
# Visual Studio 2012
Project("{FAE04EC0-301F-11D3-BF4B-00C04F79EFBC}") = "Demo.Camera", "Demo.Camera.csproj", "{01020F15-6905-4D0E-8874-3259DFE7CEB7}"
EndProject
Global
	GlobalSection(SolutionConfigurationPlatforms) = preSolution
		Debug|Any CPU = Debug|Any CPU
		Release|Any CPU = Release|Any CPU
	EndGlobalSection
	GlobalSection(ProjectConfigurationPlatforms) = postSolution
		{01020F15-6905-4D0E-8874-3259DFE7CEB7}.Debug|Any CPU.ActiveCfg = Debug|Any CPU
		{01020F15-6905-4D0E-8874-3259DFE7CEB7}.Debug|Any CPU.Build.0 = Debug|Any CPU
		{01020F15-6905-4D0E-8874-3259DFE7CEB7}.Release|Any CPU.ActiveCfg = Release|Any CPU
		{01020F15-6905-4D0E-8874-3259DFE7CEB7}.Release|Any CPU.Build.0 = Release|Any CPU
	EndGlobalSection
EndGlobal
