Microsoft Visual Studio Solution File, Format Version 12.00
# Visual Studio 15
VisualStudioVersion = 15.0.26403.7
MinimumVisualStudioVersion = 10.0.40219.1
Project("{FAE04EC0-301F-11D3-BF4B-00C04F79EFBC}") = "MonoGame.Extended", "MonoGame.Extended\MonoGame.Extended.csproj", "{41724C52-3D50-45BB-81EB-3C8A247EAFD1}"
EndProject
Project("{2150E333-8FDC-42A3-9474-1A3956D46DE8}") = "Solution Items", "Solution Items", "{068B9F42-8B49-4FAF-9D8C-701862FAC799}"
	ProjectSection(SolutionItems) = preProject
		..\README.md = ..\README.md
	EndProjectSection
EndProject
Project("{FAE04EC0-301F-11D3-BF4B-00C04F79EFBC}") = "MonoGame.Extended.Content.Pipeline", "MonoGame.Extended.Content.Pipeline\MonoGame.Extended.Content.Pipeline.csproj", "{28CD24BD-432C-4987-9E9D-65CFCF120EA0}"
	ProjectSection(ProjectDependencies) = postProject
		{8E425575-378A-4F83-88C9-F8BEBAD227C9} = {8E425575-378A-4F83-88C9-F8BEBAD227C9}
		{9B3AB8A1-78AA-471A-AFD0-B10B932115BC} = {9B3AB8A1-78AA-471A-AFD0-B10B932115BC}
		{07B2ADE2-73E3-41C4-AEA1-D5566A5AB902} = {07B2ADE2-73E3-41C4-AEA1-D5566A5AB902}
	EndProjectSection
EndProject
Project("{2150E333-8FDC-42A3-9474-1A3956D46DE8}") = "Tests", "Tests", "{E5A148A1-DE7B-4D17-ABE8-831B9673B863}"
EndProject
Project("{2150E333-8FDC-42A3-9474-1A3956D46DE8}") = "Demos", "Demos", "{932F8931-4A8D-4205-BFCF-98E794207786}"
	ProjectSection(SolutionItems) = preProject
		Demos\README.md = Demos\README.md
	EndProjectSection
EndProject
Project("{FAE04EC0-301F-11D3-BF4B-00C04F79EFBC}") = "Demo.SpaceGame", "Demos\Demo.SpaceGame\Demo.SpaceGame.csproj", "{D5314E38-8F5A-48A5-A092-BD8BBEACB5DD}"
	ProjectSection(ProjectDependencies) = postProject
		{28CD24BD-432C-4987-9E9D-65CFCF120EA0} = {28CD24BD-432C-4987-9E9D-65CFCF120EA0}
	EndProjectSection
EndProject
Project("{FAE04EC0-301F-11D3-BF4B-00C04F79EFBC}") = "Demo.Platformer", "Demos\Demo.Platformer\Demo.Platformer.csproj", "{A7A5E924-A49D-4052-ACA2-894161007B00}"
	ProjectSection(ProjectDependencies) = postProject
		{28CD24BD-432C-4987-9E9D-65CFCF120EA0} = {28CD24BD-432C-4987-9E9D-65CFCF120EA0}
	EndProjectSection
EndProject
Project("{FAE04EC0-301F-11D3-BF4B-00C04F79EFBC}") = "Demo.NuclexGui", "Demos\Demo.NuclexGui\Demo.NuclexGui.csproj", "{8003BA78-CB44-46B5-85A2-2A6440C3EFDC}"
	ProjectSection(ProjectDependencies) = postProject
		{28CD24BD-432C-4987-9E9D-65CFCF120EA0} = {28CD24BD-432C-4987-9E9D-65CFCF120EA0}
	EndProjectSection
EndProject
Project("{FAE04EC0-301F-11D3-BF4B-00C04F79EFBC}") = "MonoGame.Extended.Collisions", "MonoGame.Extended.Collisions\MonoGame.Extended.Collisions.csproj", "{02562C6F-5BFB-467E-8A95-68B6CE2D635A}"
EndProject
Project("{FAE04EC0-301F-11D3-BF4B-00C04F79EFBC}") = "MonoGame.Extended.Gui", "MonoGame.Extended.Gui\MonoGame.Extended.Gui.csproj", "{8E425575-378A-4F83-88C9-F8BEBAD227C9}"
EndProject
Project("{FAE04EC0-301F-11D3-BF4B-00C04F79EFBC}") = "MonoGame.Extended.Graphics", "MonoGame.Extended.Graphics\MonoGame.Extended.Graphics.csproj", "{9B3AB8A1-78AA-471A-AFD0-B10B932115BC}"
EndProject
Project("{FAE04EC0-301F-11D3-BF4B-00C04F79EFBC}") = "MonoGame.Extended.Tiled", "MonoGame.Extended.Tiled\MonoGame.Extended.Tiled.csproj", "{07B2ADE2-73E3-41C4-AEA1-D5566A5AB902}"
EndProject
Project("{FAE04EC0-301F-11D3-BF4B-00C04F79EFBC}") = "MonoGame.Extended.Content.Pipeline.Tests", "Tests\MonoGame.Extended.Content.Pipeline.Tests\MonoGame.Extended.Content.Pipeline.Tests.csproj", "{75D76507-9CB0-4A60-BE46-696DF6E7AA6C}"
EndProject
Project("{FAE04EC0-301F-11D3-BF4B-00C04F79EFBC}") = "MonoGame.Extended.Content.Pipeline.Tests.Tiled", "Tests\MonoGame.Extended.Content.Pipeline.Tests.Tiled\MonoGame.Extended.Content.Pipeline.Tests.Tiled.csproj", "{90B096CB-61A5-485F-BA3E-2530166E5E72}"
EndProject
Project("{FAE04EC0-301F-11D3-BF4B-00C04F79EFBC}") = "MonoGame.Extended.Gui.Tests", "Tests\MonoGame.Extended.Gui.Tests\MonoGame.Extended.Gui.Tests.csproj", "{43CBA868-9BFC-4E02-8A7A-142C603B087E}"
EndProject
Project("{FAE04EC0-301F-11D3-BF4B-00C04F79EFBC}") = "MonoGame.Extended.Tests", "Tests\MonoGame.Extended.Tests\MonoGame.Extended.Tests.csproj", "{CEF2144F-7E98-45A5-BE08-E6DBC307A5C1}"
EndProject
Project("{FAE04EC0-301F-11D3-BF4B-00C04F79EFBC}") = "MonoGame.Extended.Tiled.Tests", "Tests\MonoGame.Extended.Tiled.Tests\MonoGame.Extended.Tiled.Tests.csproj", "{A88FC71D-12E3-42A5-AFF3-89C6498C3C65}"
EndProject
Project("{FAE04EC0-301F-11D3-BF4B-00C04F79EFBC}") = "MonoGame.Extended.NuclexGui", "MonoGame.Extended.NuclexGui\MonoGame.Extended.NuclexGui.csproj", "{D8BC4F21-E71D-46CE-B6D3-259F1E0DFABA}"
EndProject
Project("{FAE04EC0-301F-11D3-BF4B-00C04F79EFBC}") = "MonoGame.Extended.Particles", "MonoGame.Extended.Particles\MonoGame.Extended.Particles.csproj", "{6C8B9E29-D09B-4901-80FD-45AAA35882C6}"
EndProject
Project("{FAE04EC0-301F-11D3-BF4B-00C04F79EFBC}") = "MonoGame.Extended.Entities", "MonoGame.Extended.Entities\MonoGame.Extended.Entities.csproj", "{35FD1F05-AF04-469A-B37A-F9B36C34401C}"
EndProject
Project("{FAE04EC0-301F-11D3-BF4B-00C04F79EFBC}") = "MonoGame.Extended.SceneGraphs", "MonoGame.Extended.SceneGraphs\MonoGame.Extended.SceneGraphs.csproj", "{FE61C3D7-D96D-4AA4-9EF1-17E457BB2C7C}"
EndProject
Project("{FAE04EC0-301F-11D3-BF4B-00C04F79EFBC}") = "MonoGame.Extended.Input", "MonoGame.Extended.Input\MonoGame.Extended.Input.csproj", "{49C87598-994C-49B5-BBB3-7FFC342635D3}"
EndProject
Project("{FAE04EC0-301F-11D3-BF4B-00C04F79EFBC}") = "MonoGame.Extended.Tweening", "MonoGame.Extended.Tweening\MonoGame.Extended.Tweening.csproj", "{1CF61F4F-A2EE-49BF-95D0-379E870DE90E}"
EndProject
Project("{FAE04EC0-301F-11D3-BF4B-00C04F79EFBC}") = "MonoGame.Extended.Animations", "MonoGame.Extended.Animations\MonoGame.Extended.Animations.csproj", "{587CE536-216F-41A1-B223-AE502C125B09}"
EndProject
Project("{2150E333-8FDC-42A3-9474-1A3956D46DE8}") = "NuGet", "NuGet", "{F3E80350-2F27-4EDB-8BE9-0145643A5336}"
	ProjectSection(SolutionItems) = preProject
		NuGet\MonoGame.Extended.Animations.nuspec = NuGet\MonoGame.Extended.Animations.nuspec
		NuGet\MonoGame.Extended.Content.Pipeline.nuspec = NuGet\MonoGame.Extended.Content.Pipeline.nuspec
		NuGet\MonoGame.Extended.Entities.nuspec = NuGet\MonoGame.Extended.Entities.nuspec
		NuGet\MonoGame.Extended.Graphics.nuspec = NuGet\MonoGame.Extended.Graphics.nuspec
		NuGet\MonoGame.Extended.Gui.nuspec = NuGet\MonoGame.Extended.Gui.nuspec
		NuGet\MonoGame.Extended.Input.nuspec = NuGet\MonoGame.Extended.Input.nuspec
		NuGet\MonoGame.Extended.NuclexGui.nuspec = NuGet\MonoGame.Extended.NuclexGui.nuspec
		NuGet\MonoGame.Extended.nuspec = NuGet\MonoGame.Extended.nuspec
		NuGet\MonoGame.Extended.Particles.nuspec = NuGet\MonoGame.Extended.Particles.nuspec
		NuGet\MonoGame.Extended.SceneGraphs.nuspec = NuGet\MonoGame.Extended.SceneGraphs.nuspec
		NuGet\MonoGame.Extended.Tiled.nuspec = NuGet\MonoGame.Extended.Tiled.nuspec
		NuGet\MonoGame.Extended.Tweening.nuspec = NuGet\MonoGame.Extended.Tweening.nuspec
		NuGet\readme.txt = NuGet\readme.txt
	EndProjectSection
EndProject
Project("{FAE04EC0-301F-11D3-BF4B-00C04F79EFBC}") = "Demo.StarWarrior", "Demos\Demo.StarWarrior\Demo.StarWarrior.csproj", "{52CC60A4-D806-46BF-B104-53E56A764B0E}"
EndProject
Project("{FAE04EC0-301F-11D3-BF4B-00C04F79EFBC}") = "Demo.Features", "Demos\Demo.Features\Demo.Features.csproj", "{D8C6D896-5ABF-4823-84DA-F1191BEEC004}"
EndProject
Project("{FAE04EC0-301F-11D3-BF4B-00C04F79EFBC}") = "Demo.Features.WindowsOpenGL", "Demos\Demo.Features.Windows\Demo.Features.WindowsOpenGL.csproj", "{57C47653-BC51-43BA-98F4-1D0EEE78782D}"
	ProjectSection(ProjectDependencies) = postProject
		{28CD24BD-432C-4987-9E9D-65CFCF120EA0} = {28CD24BD-432C-4987-9E9D-65CFCF120EA0}
	EndProjectSection
EndProject
Project("{FAE04EC0-301F-11D3-BF4B-00C04F79EFBC}") = "Demo.Features.WindowsDirectX", "Demos\Demo.Features.Windows\Demo.Features.WindowsDirectX.csproj", "{BDAEDFAF-2EDA-4BCA-9675-3625456FAB78}"
	ProjectSection(ProjectDependencies) = postProject
		{28CD24BD-432C-4987-9E9D-65CFCF120EA0} = {28CD24BD-432C-4987-9E9D-65CFCF120EA0}
	EndProjectSection
EndProject
Global
	GlobalSection(SolutionConfigurationPlatforms) = preSolution
		Debug|Any CPU = Debug|Any CPU
		Debug|x86 = Debug|x86
		Release|Any CPU = Release|Any CPU
		Release|x86 = Release|x86
	EndGlobalSection
	GlobalSection(ProjectConfigurationPlatforms) = postSolution
		{41724C52-3D50-45BB-81EB-3C8A247EAFD1}.Debug|Any CPU.ActiveCfg = Debug|Any CPU
		{41724C52-3D50-45BB-81EB-3C8A247EAFD1}.Debug|Any CPU.Build.0 = Debug|Any CPU
		{41724C52-3D50-45BB-81EB-3C8A247EAFD1}.Debug|x86.ActiveCfg = Debug|Any CPU
		{41724C52-3D50-45BB-81EB-3C8A247EAFD1}.Debug|x86.Build.0 = Debug|Any CPU
		{41724C52-3D50-45BB-81EB-3C8A247EAFD1}.Release|Any CPU.ActiveCfg = Release|Any CPU
		{41724C52-3D50-45BB-81EB-3C8A247EAFD1}.Release|Any CPU.Build.0 = Release|Any CPU
		{41724C52-3D50-45BB-81EB-3C8A247EAFD1}.Release|x86.ActiveCfg = Release|Any CPU
		{41724C52-3D50-45BB-81EB-3C8A247EAFD1}.Release|x86.Build.0 = Release|Any CPU
		{28CD24BD-432C-4987-9E9D-65CFCF120EA0}.Debug|Any CPU.ActiveCfg = Debug|Any CPU
		{28CD24BD-432C-4987-9E9D-65CFCF120EA0}.Debug|Any CPU.Build.0 = Debug|Any CPU
		{28CD24BD-432C-4987-9E9D-65CFCF120EA0}.Debug|x86.ActiveCfg = Debug|Any CPU
		{28CD24BD-432C-4987-9E9D-65CFCF120EA0}.Debug|x86.Build.0 = Debug|Any CPU
		{28CD24BD-432C-4987-9E9D-65CFCF120EA0}.Release|Any CPU.ActiveCfg = Release|Any CPU
		{28CD24BD-432C-4987-9E9D-65CFCF120EA0}.Release|Any CPU.Build.0 = Release|Any CPU
		{28CD24BD-432C-4987-9E9D-65CFCF120EA0}.Release|x86.ActiveCfg = Release|Any CPU
		{28CD24BD-432C-4987-9E9D-65CFCF120EA0}.Release|x86.Build.0 = Release|Any CPU
		{D5314E38-8F5A-48A5-A092-BD8BBEACB5DD}.Debug|Any CPU.ActiveCfg = Debug|Any CPU
		{D5314E38-8F5A-48A5-A092-BD8BBEACB5DD}.Debug|Any CPU.Build.0 = Debug|Any CPU
		{D5314E38-8F5A-48A5-A092-BD8BBEACB5DD}.Debug|x86.ActiveCfg = Debug|Any CPU
		{D5314E38-8F5A-48A5-A092-BD8BBEACB5DD}.Debug|x86.Build.0 = Debug|Any CPU
		{D5314E38-8F5A-48A5-A092-BD8BBEACB5DD}.Release|Any CPU.ActiveCfg = Release|Any CPU
		{D5314E38-8F5A-48A5-A092-BD8BBEACB5DD}.Release|Any CPU.Build.0 = Release|Any CPU
		{D5314E38-8F5A-48A5-A092-BD8BBEACB5DD}.Release|x86.ActiveCfg = Release|Any CPU
		{D5314E38-8F5A-48A5-A092-BD8BBEACB5DD}.Release|x86.Build.0 = Release|Any CPU
		{A7A5E924-A49D-4052-ACA2-894161007B00}.Debug|Any CPU.ActiveCfg = Debug|Any CPU
		{A7A5E924-A49D-4052-ACA2-894161007B00}.Debug|Any CPU.Build.0 = Debug|Any CPU
		{A7A5E924-A49D-4052-ACA2-894161007B00}.Debug|x86.ActiveCfg = Debug|Any CPU
		{A7A5E924-A49D-4052-ACA2-894161007B00}.Debug|x86.Build.0 = Debug|Any CPU
		{A7A5E924-A49D-4052-ACA2-894161007B00}.Release|Any CPU.ActiveCfg = Release|Any CPU
		{A7A5E924-A49D-4052-ACA2-894161007B00}.Release|Any CPU.Build.0 = Release|Any CPU
		{A7A5E924-A49D-4052-ACA2-894161007B00}.Release|x86.ActiveCfg = Release|Any CPU
		{A7A5E924-A49D-4052-ACA2-894161007B00}.Release|x86.Build.0 = Release|Any CPU
		{8003BA78-CB44-46B5-85A2-2A6440C3EFDC}.Debug|Any CPU.ActiveCfg = Debug|Any CPU
		{8003BA78-CB44-46B5-85A2-2A6440C3EFDC}.Debug|Any CPU.Build.0 = Debug|Any CPU
		{8003BA78-CB44-46B5-85A2-2A6440C3EFDC}.Debug|x86.ActiveCfg = Debug|Any CPU
		{8003BA78-CB44-46B5-85A2-2A6440C3EFDC}.Debug|x86.Build.0 = Debug|Any CPU
		{8003BA78-CB44-46B5-85A2-2A6440C3EFDC}.Release|Any CPU.ActiveCfg = Release|Any CPU
		{8003BA78-CB44-46B5-85A2-2A6440C3EFDC}.Release|Any CPU.Build.0 = Release|Any CPU
		{8003BA78-CB44-46B5-85A2-2A6440C3EFDC}.Release|x86.ActiveCfg = Release|Any CPU
		{8003BA78-CB44-46B5-85A2-2A6440C3EFDC}.Release|x86.Build.0 = Release|Any CPU
		{02562C6F-5BFB-467E-8A95-68B6CE2D635A}.Debug|Any CPU.ActiveCfg = Debug|Any CPU
		{02562C6F-5BFB-467E-8A95-68B6CE2D635A}.Debug|Any CPU.Build.0 = Debug|Any CPU
		{02562C6F-5BFB-467E-8A95-68B6CE2D635A}.Debug|x86.ActiveCfg = Debug|Any CPU
		{02562C6F-5BFB-467E-8A95-68B6CE2D635A}.Debug|x86.Build.0 = Debug|Any CPU
		{02562C6F-5BFB-467E-8A95-68B6CE2D635A}.Release|Any CPU.ActiveCfg = Release|Any CPU
		{02562C6F-5BFB-467E-8A95-68B6CE2D635A}.Release|Any CPU.Build.0 = Release|Any CPU
		{02562C6F-5BFB-467E-8A95-68B6CE2D635A}.Release|x86.ActiveCfg = Release|Any CPU
		{02562C6F-5BFB-467E-8A95-68B6CE2D635A}.Release|x86.Build.0 = Release|Any CPU
		{8E425575-378A-4F83-88C9-F8BEBAD227C9}.Debug|Any CPU.ActiveCfg = Debug|Any CPU
		{8E425575-378A-4F83-88C9-F8BEBAD227C9}.Debug|Any CPU.Build.0 = Debug|Any CPU
		{8E425575-378A-4F83-88C9-F8BEBAD227C9}.Debug|x86.ActiveCfg = Debug|Any CPU
		{8E425575-378A-4F83-88C9-F8BEBAD227C9}.Debug|x86.Build.0 = Debug|Any CPU
		{8E425575-378A-4F83-88C9-F8BEBAD227C9}.Release|Any CPU.ActiveCfg = Release|Any CPU
		{8E425575-378A-4F83-88C9-F8BEBAD227C9}.Release|Any CPU.Build.0 = Release|Any CPU
		{8E425575-378A-4F83-88C9-F8BEBAD227C9}.Release|x86.ActiveCfg = Release|Any CPU
		{8E425575-378A-4F83-88C9-F8BEBAD227C9}.Release|x86.Build.0 = Release|Any CPU
		{9B3AB8A1-78AA-471A-AFD0-B10B932115BC}.Debug|Any CPU.ActiveCfg = Debug|Any CPU
		{9B3AB8A1-78AA-471A-AFD0-B10B932115BC}.Debug|Any CPU.Build.0 = Debug|Any CPU
		{9B3AB8A1-78AA-471A-AFD0-B10B932115BC}.Debug|x86.ActiveCfg = Debug|Any CPU
		{9B3AB8A1-78AA-471A-AFD0-B10B932115BC}.Debug|x86.Build.0 = Debug|Any CPU
		{9B3AB8A1-78AA-471A-AFD0-B10B932115BC}.Release|Any CPU.ActiveCfg = Release|Any CPU
		{9B3AB8A1-78AA-471A-AFD0-B10B932115BC}.Release|Any CPU.Build.0 = Release|Any CPU
		{9B3AB8A1-78AA-471A-AFD0-B10B932115BC}.Release|x86.ActiveCfg = Release|Any CPU
		{9B3AB8A1-78AA-471A-AFD0-B10B932115BC}.Release|x86.Build.0 = Release|Any CPU
		{07B2ADE2-73E3-41C4-AEA1-D5566A5AB902}.Debug|Any CPU.ActiveCfg = Debug|Any CPU
		{07B2ADE2-73E3-41C4-AEA1-D5566A5AB902}.Debug|Any CPU.Build.0 = Debug|Any CPU
		{07B2ADE2-73E3-41C4-AEA1-D5566A5AB902}.Debug|x86.ActiveCfg = Debug|Any CPU
		{07B2ADE2-73E3-41C4-AEA1-D5566A5AB902}.Debug|x86.Build.0 = Debug|Any CPU
		{07B2ADE2-73E3-41C4-AEA1-D5566A5AB902}.Release|Any CPU.ActiveCfg = Release|Any CPU
		{07B2ADE2-73E3-41C4-AEA1-D5566A5AB902}.Release|Any CPU.Build.0 = Release|Any CPU
		{07B2ADE2-73E3-41C4-AEA1-D5566A5AB902}.Release|x86.ActiveCfg = Release|Any CPU
		{07B2ADE2-73E3-41C4-AEA1-D5566A5AB902}.Release|x86.Build.0 = Release|Any CPU
		{75D76507-9CB0-4A60-BE46-696DF6E7AA6C}.Debug|Any CPU.ActiveCfg = Debug|Any CPU
		{75D76507-9CB0-4A60-BE46-696DF6E7AA6C}.Debug|Any CPU.Build.0 = Debug|Any CPU
		{75D76507-9CB0-4A60-BE46-696DF6E7AA6C}.Debug|x86.ActiveCfg = Debug|Any CPU
		{75D76507-9CB0-4A60-BE46-696DF6E7AA6C}.Debug|x86.Build.0 = Debug|Any CPU
		{75D76507-9CB0-4A60-BE46-696DF6E7AA6C}.Release|Any CPU.ActiveCfg = Release|Any CPU
		{75D76507-9CB0-4A60-BE46-696DF6E7AA6C}.Release|Any CPU.Build.0 = Release|Any CPU
		{75D76507-9CB0-4A60-BE46-696DF6E7AA6C}.Release|x86.ActiveCfg = Release|Any CPU
		{75D76507-9CB0-4A60-BE46-696DF6E7AA6C}.Release|x86.Build.0 = Release|Any CPU
		{90B096CB-61A5-485F-BA3E-2530166E5E72}.Debug|Any CPU.ActiveCfg = Debug|Any CPU
		{90B096CB-61A5-485F-BA3E-2530166E5E72}.Debug|Any CPU.Build.0 = Debug|Any CPU
		{90B096CB-61A5-485F-BA3E-2530166E5E72}.Debug|x86.ActiveCfg = Debug|Any CPU
		{90B096CB-61A5-485F-BA3E-2530166E5E72}.Debug|x86.Build.0 = Debug|Any CPU
		{90B096CB-61A5-485F-BA3E-2530166E5E72}.Release|Any CPU.ActiveCfg = Release|Any CPU
		{90B096CB-61A5-485F-BA3E-2530166E5E72}.Release|Any CPU.Build.0 = Release|Any CPU
		{90B096CB-61A5-485F-BA3E-2530166E5E72}.Release|x86.ActiveCfg = Release|Any CPU
		{90B096CB-61A5-485F-BA3E-2530166E5E72}.Release|x86.Build.0 = Release|Any CPU
		{43CBA868-9BFC-4E02-8A7A-142C603B087E}.Debug|Any CPU.ActiveCfg = Debug|Any CPU
		{43CBA868-9BFC-4E02-8A7A-142C603B087E}.Debug|Any CPU.Build.0 = Debug|Any CPU
		{43CBA868-9BFC-4E02-8A7A-142C603B087E}.Debug|x86.ActiveCfg = Debug|Any CPU
		{43CBA868-9BFC-4E02-8A7A-142C603B087E}.Debug|x86.Build.0 = Debug|Any CPU
		{43CBA868-9BFC-4E02-8A7A-142C603B087E}.Release|Any CPU.ActiveCfg = Release|Any CPU
		{43CBA868-9BFC-4E02-8A7A-142C603B087E}.Release|Any CPU.Build.0 = Release|Any CPU
		{43CBA868-9BFC-4E02-8A7A-142C603B087E}.Release|x86.ActiveCfg = Release|Any CPU
		{43CBA868-9BFC-4E02-8A7A-142C603B087E}.Release|x86.Build.0 = Release|Any CPU
		{CEF2144F-7E98-45A5-BE08-E6DBC307A5C1}.Debug|Any CPU.ActiveCfg = Debug|Any CPU
		{CEF2144F-7E98-45A5-BE08-E6DBC307A5C1}.Debug|Any CPU.Build.0 = Debug|Any CPU
		{CEF2144F-7E98-45A5-BE08-E6DBC307A5C1}.Debug|x86.ActiveCfg = Debug|Any CPU
		{CEF2144F-7E98-45A5-BE08-E6DBC307A5C1}.Debug|x86.Build.0 = Debug|Any CPU
		{CEF2144F-7E98-45A5-BE08-E6DBC307A5C1}.Release|Any CPU.ActiveCfg = Release|Any CPU
		{CEF2144F-7E98-45A5-BE08-E6DBC307A5C1}.Release|Any CPU.Build.0 = Release|Any CPU
		{CEF2144F-7E98-45A5-BE08-E6DBC307A5C1}.Release|x86.ActiveCfg = Release|Any CPU
		{CEF2144F-7E98-45A5-BE08-E6DBC307A5C1}.Release|x86.Build.0 = Release|Any CPU
		{A88FC71D-12E3-42A5-AFF3-89C6498C3C65}.Debug|Any CPU.ActiveCfg = Debug|Any CPU
		{A88FC71D-12E3-42A5-AFF3-89C6498C3C65}.Debug|Any CPU.Build.0 = Debug|Any CPU
		{A88FC71D-12E3-42A5-AFF3-89C6498C3C65}.Debug|x86.ActiveCfg = Debug|Any CPU
		{A88FC71D-12E3-42A5-AFF3-89C6498C3C65}.Debug|x86.Build.0 = Debug|Any CPU
		{A88FC71D-12E3-42A5-AFF3-89C6498C3C65}.Release|Any CPU.ActiveCfg = Release|Any CPU
		{A88FC71D-12E3-42A5-AFF3-89C6498C3C65}.Release|Any CPU.Build.0 = Release|Any CPU
		{A88FC71D-12E3-42A5-AFF3-89C6498C3C65}.Release|x86.ActiveCfg = Release|Any CPU
		{A88FC71D-12E3-42A5-AFF3-89C6498C3C65}.Release|x86.Build.0 = Release|Any CPU
		{D8BC4F21-E71D-46CE-B6D3-259F1E0DFABA}.Debug|Any CPU.ActiveCfg = Debug|Any CPU
		{D8BC4F21-E71D-46CE-B6D3-259F1E0DFABA}.Debug|Any CPU.Build.0 = Debug|Any CPU
		{D8BC4F21-E71D-46CE-B6D3-259F1E0DFABA}.Debug|x86.ActiveCfg = Debug|Any CPU
		{D8BC4F21-E71D-46CE-B6D3-259F1E0DFABA}.Debug|x86.Build.0 = Debug|Any CPU
		{D8BC4F21-E71D-46CE-B6D3-259F1E0DFABA}.Release|Any CPU.ActiveCfg = Release|Any CPU
		{D8BC4F21-E71D-46CE-B6D3-259F1E0DFABA}.Release|Any CPU.Build.0 = Release|Any CPU
		{D8BC4F21-E71D-46CE-B6D3-259F1E0DFABA}.Release|x86.ActiveCfg = Release|Any CPU
		{D8BC4F21-E71D-46CE-B6D3-259F1E0DFABA}.Release|x86.Build.0 = Release|Any CPU
		{6C8B9E29-D09B-4901-80FD-45AAA35882C6}.Debug|Any CPU.ActiveCfg = Debug|Any CPU
		{6C8B9E29-D09B-4901-80FD-45AAA35882C6}.Debug|Any CPU.Build.0 = Debug|Any CPU
		{6C8B9E29-D09B-4901-80FD-45AAA35882C6}.Debug|x86.ActiveCfg = Debug|Any CPU
		{6C8B9E29-D09B-4901-80FD-45AAA35882C6}.Debug|x86.Build.0 = Debug|Any CPU
		{6C8B9E29-D09B-4901-80FD-45AAA35882C6}.Release|Any CPU.ActiveCfg = Release|Any CPU
		{6C8B9E29-D09B-4901-80FD-45AAA35882C6}.Release|Any CPU.Build.0 = Release|Any CPU
		{6C8B9E29-D09B-4901-80FD-45AAA35882C6}.Release|x86.ActiveCfg = Release|Any CPU
		{6C8B9E29-D09B-4901-80FD-45AAA35882C6}.Release|x86.Build.0 = Release|Any CPU
		{35FD1F05-AF04-469A-B37A-F9B36C34401C}.Debug|Any CPU.ActiveCfg = Debug|Any CPU
		{35FD1F05-AF04-469A-B37A-F9B36C34401C}.Debug|Any CPU.Build.0 = Debug|Any CPU
		{35FD1F05-AF04-469A-B37A-F9B36C34401C}.Debug|x86.ActiveCfg = Debug|Any CPU
		{35FD1F05-AF04-469A-B37A-F9B36C34401C}.Debug|x86.Build.0 = Debug|Any CPU
		{35FD1F05-AF04-469A-B37A-F9B36C34401C}.Release|Any CPU.ActiveCfg = Release|Any CPU
		{35FD1F05-AF04-469A-B37A-F9B36C34401C}.Release|Any CPU.Build.0 = Release|Any CPU
		{35FD1F05-AF04-469A-B37A-F9B36C34401C}.Release|x86.ActiveCfg = Release|Any CPU
		{35FD1F05-AF04-469A-B37A-F9B36C34401C}.Release|x86.Build.0 = Release|Any CPU
		{FE61C3D7-D96D-4AA4-9EF1-17E457BB2C7C}.Debug|Any CPU.ActiveCfg = Debug|Any CPU
		{FE61C3D7-D96D-4AA4-9EF1-17E457BB2C7C}.Debug|Any CPU.Build.0 = Debug|Any CPU
		{FE61C3D7-D96D-4AA4-9EF1-17E457BB2C7C}.Debug|x86.ActiveCfg = Debug|Any CPU
		{FE61C3D7-D96D-4AA4-9EF1-17E457BB2C7C}.Debug|x86.Build.0 = Debug|Any CPU
		{FE61C3D7-D96D-4AA4-9EF1-17E457BB2C7C}.Release|Any CPU.ActiveCfg = Release|Any CPU
		{FE61C3D7-D96D-4AA4-9EF1-17E457BB2C7C}.Release|Any CPU.Build.0 = Release|Any CPU
		{FE61C3D7-D96D-4AA4-9EF1-17E457BB2C7C}.Release|x86.ActiveCfg = Release|Any CPU
		{FE61C3D7-D96D-4AA4-9EF1-17E457BB2C7C}.Release|x86.Build.0 = Release|Any CPU
		{49C87598-994C-49B5-BBB3-7FFC342635D3}.Debug|Any CPU.ActiveCfg = Debug|Any CPU
		{49C87598-994C-49B5-BBB3-7FFC342635D3}.Debug|Any CPU.Build.0 = Debug|Any CPU
		{49C87598-994C-49B5-BBB3-7FFC342635D3}.Debug|x86.ActiveCfg = Debug|Any CPU
		{49C87598-994C-49B5-BBB3-7FFC342635D3}.Debug|x86.Build.0 = Debug|Any CPU
		{49C87598-994C-49B5-BBB3-7FFC342635D3}.Release|Any CPU.ActiveCfg = Release|Any CPU
		{49C87598-994C-49B5-BBB3-7FFC342635D3}.Release|Any CPU.Build.0 = Release|Any CPU
		{49C87598-994C-49B5-BBB3-7FFC342635D3}.Release|x86.ActiveCfg = Release|Any CPU
		{49C87598-994C-49B5-BBB3-7FFC342635D3}.Release|x86.Build.0 = Release|Any CPU
		{1CF61F4F-A2EE-49BF-95D0-379E870DE90E}.Debug|Any CPU.ActiveCfg = Debug|Any CPU
		{1CF61F4F-A2EE-49BF-95D0-379E870DE90E}.Debug|Any CPU.Build.0 = Debug|Any CPU
		{1CF61F4F-A2EE-49BF-95D0-379E870DE90E}.Debug|x86.ActiveCfg = Debug|Any CPU
		{1CF61F4F-A2EE-49BF-95D0-379E870DE90E}.Debug|x86.Build.0 = Debug|Any CPU
		{1CF61F4F-A2EE-49BF-95D0-379E870DE90E}.Release|Any CPU.ActiveCfg = Release|Any CPU
		{1CF61F4F-A2EE-49BF-95D0-379E870DE90E}.Release|Any CPU.Build.0 = Release|Any CPU
		{1CF61F4F-A2EE-49BF-95D0-379E870DE90E}.Release|x86.ActiveCfg = Release|Any CPU
		{1CF61F4F-A2EE-49BF-95D0-379E870DE90E}.Release|x86.Build.0 = Release|Any CPU
		{587CE536-216F-41A1-B223-AE502C125B09}.Debug|Any CPU.ActiveCfg = Debug|Any CPU
		{587CE536-216F-41A1-B223-AE502C125B09}.Debug|Any CPU.Build.0 = Debug|Any CPU
		{587CE536-216F-41A1-B223-AE502C125B09}.Debug|x86.ActiveCfg = Debug|Any CPU
		{587CE536-216F-41A1-B223-AE502C125B09}.Debug|x86.Build.0 = Debug|Any CPU
		{587CE536-216F-41A1-B223-AE502C125B09}.Release|Any CPU.ActiveCfg = Release|Any CPU
		{587CE536-216F-41A1-B223-AE502C125B09}.Release|Any CPU.Build.0 = Release|Any CPU
		{587CE536-216F-41A1-B223-AE502C125B09}.Release|x86.ActiveCfg = Release|Any CPU
		{587CE536-216F-41A1-B223-AE502C125B09}.Release|x86.Build.0 = Release|Any CPU
		{52CC60A4-D806-46BF-B104-53E56A764B0E}.Debug|Any CPU.ActiveCfg = Debug|Any CPU
		{52CC60A4-D806-46BF-B104-53E56A764B0E}.Debug|Any CPU.Build.0 = Debug|Any CPU
		{52CC60A4-D806-46BF-B104-53E56A764B0E}.Debug|x86.ActiveCfg = Debug|Any CPU
		{52CC60A4-D806-46BF-B104-53E56A764B0E}.Debug|x86.Build.0 = Debug|Any CPU
		{52CC60A4-D806-46BF-B104-53E56A764B0E}.Release|Any CPU.ActiveCfg = Release|Any CPU
		{52CC60A4-D806-46BF-B104-53E56A764B0E}.Release|Any CPU.Build.0 = Release|Any CPU
		{52CC60A4-D806-46BF-B104-53E56A764B0E}.Release|x86.ActiveCfg = Release|Any CPU
		{52CC60A4-D806-46BF-B104-53E56A764B0E}.Release|x86.Build.0 = Release|Any CPU
		{D8C6D896-5ABF-4823-84DA-F1191BEEC004}.Debug|Any CPU.ActiveCfg = Debug|Any CPU
		{D8C6D896-5ABF-4823-84DA-F1191BEEC004}.Debug|Any CPU.Build.0 = Debug|Any CPU
		{D8C6D896-5ABF-4823-84DA-F1191BEEC004}.Debug|x86.ActiveCfg = Debug|Any CPU
		{D8C6D896-5ABF-4823-84DA-F1191BEEC004}.Debug|x86.Build.0 = Debug|Any CPU
		{D8C6D896-5ABF-4823-84DA-F1191BEEC004}.Release|Any CPU.ActiveCfg = Release|Any CPU
		{D8C6D896-5ABF-4823-84DA-F1191BEEC004}.Release|Any CPU.Build.0 = Release|Any CPU
		{D8C6D896-5ABF-4823-84DA-F1191BEEC004}.Release|x86.ActiveCfg = Release|Any CPU
		{D8C6D896-5ABF-4823-84DA-F1191BEEC004}.Release|x86.Build.0 = Release|Any CPU
		{57C47653-BC51-43BA-98F4-1D0EEE78782D}.Debug|Any CPU.ActiveCfg = Debug|Any CPU
		{57C47653-BC51-43BA-98F4-1D0EEE78782D}.Debug|Any CPU.Build.0 = Debug|Any CPU
		{57C47653-BC51-43BA-98F4-1D0EEE78782D}.Debug|x86.ActiveCfg = Debug|Any CPU
		{57C47653-BC51-43BA-98F4-1D0EEE78782D}.Debug|x86.Build.0 = Debug|Any CPU
		{57C47653-BC51-43BA-98F4-1D0EEE78782D}.Release|Any CPU.ActiveCfg = Release|Any CPU
		{57C47653-BC51-43BA-98F4-1D0EEE78782D}.Release|Any CPU.Build.0 = Release|Any CPU
		{57C47653-BC51-43BA-98F4-1D0EEE78782D}.Release|x86.ActiveCfg = Release|Any CPU
		{57C47653-BC51-43BA-98F4-1D0EEE78782D}.Release|x86.Build.0 = Release|Any CPU
		{BDAEDFAF-2EDA-4BCA-9675-3625456FAB78}.Debug|Any CPU.ActiveCfg = Debug|Any CPU
		{BDAEDFAF-2EDA-4BCA-9675-3625456FAB78}.Debug|Any CPU.Build.0 = Debug|Any CPU
		{BDAEDFAF-2EDA-4BCA-9675-3625456FAB78}.Debug|x86.ActiveCfg = Debug|Any CPU
		{BDAEDFAF-2EDA-4BCA-9675-3625456FAB78}.Debug|x86.Build.0 = Debug|Any CPU
		{BDAEDFAF-2EDA-4BCA-9675-3625456FAB78}.Release|Any CPU.ActiveCfg = Release|Any CPU
		{BDAEDFAF-2EDA-4BCA-9675-3625456FAB78}.Release|Any CPU.Build.0 = Release|Any CPU
		{BDAEDFAF-2EDA-4BCA-9675-3625456FAB78}.Release|x86.ActiveCfg = Release|Any CPU
		{BDAEDFAF-2EDA-4BCA-9675-3625456FAB78}.Release|x86.Build.0 = Release|Any CPU
	EndGlobalSection
	GlobalSection(SolutionProperties) = preSolution
		HideSolutionNode = FALSE
	EndGlobalSection
	GlobalSection(NestedProjects) = preSolution
		{D5314E38-8F5A-48A5-A092-BD8BBEACB5DD} = {932F8931-4A8D-4205-BFCF-98E794207786}
		{A7A5E924-A49D-4052-ACA2-894161007B00} = {932F8931-4A8D-4205-BFCF-98E794207786}
		{8003BA78-CB44-46B5-85A2-2A6440C3EFDC} = {932F8931-4A8D-4205-BFCF-98E794207786}
		{75D76507-9CB0-4A60-BE46-696DF6E7AA6C} = {E5A148A1-DE7B-4D17-ABE8-831B9673B863}
		{90B096CB-61A5-485F-BA3E-2530166E5E72} = {E5A148A1-DE7B-4D17-ABE8-831B9673B863}
		{43CBA868-9BFC-4E02-8A7A-142C603B087E} = {E5A148A1-DE7B-4D17-ABE8-831B9673B863}
		{CEF2144F-7E98-45A5-BE08-E6DBC307A5C1} = {E5A148A1-DE7B-4D17-ABE8-831B9673B863}
		{A88FC71D-12E3-42A5-AFF3-89C6498C3C65} = {E5A148A1-DE7B-4D17-ABE8-831B9673B863}
		{F3E80350-2F27-4EDB-8BE9-0145643A5336} = {068B9F42-8B49-4FAF-9D8C-701862FAC799}
		{52CC60A4-D806-46BF-B104-53E56A764B0E} = {932F8931-4A8D-4205-BFCF-98E794207786}
		{D8C6D896-5ABF-4823-84DA-F1191BEEC004} = {932F8931-4A8D-4205-BFCF-98E794207786}
		{57C47653-BC51-43BA-98F4-1D0EEE78782D} = {932F8931-4A8D-4205-BFCF-98E794207786}
		{BDAEDFAF-2EDA-4BCA-9675-3625456FAB78} = {932F8931-4A8D-4205-BFCF-98E794207786}
	EndGlobalSection
EndGlobal
