Microsoft Visual Studio Solution File, Format Version 12.00
# Visual Studio 14
VisualStudioVersion = 14.0.25420.1
MinimumVisualStudioVersion = 10.0.40219.1
Project("{FAE04EC0-301F-11D3-BF4B-00C04F79EFBC}") = "MonoGame.Extended", "MonoGame.Extended\MonoGame.Extended.csproj", "{41724C52-3D50-45BB-81EB-3C8A247EAFD1}"
EndProject
Project("{2150E333-8FDC-42A3-9474-1A3956D46DE8}") = "Solution Items", "Solution Items", "{068B9F42-8B49-4FAF-9D8C-701862FAC799}"
	ProjectSection(SolutionItems) = preProject
		MonoGame.Extended.nuspec = MonoGame.Extended.nuspec
		..\README.md = ..\README.md
		readme.txt = readme.txt
	EndProjectSection
EndProject
Project("{FAE04EC0-301F-11D3-BF4B-00C04F79EFBC}") = "MonoGame.Extended.Content.Pipeline", "MonoGame.Extended.Content.Pipeline\MonoGame.Extended.Content.Pipeline.csproj", "{28CD24BD-432C-4987-9E9D-65CFCF120EA0}"
EndProject
Project("{2150E333-8FDC-42A3-9474-1A3956D46DE8}") = "Tests", "Tests", "{E5A148A1-DE7B-4D17-ABE8-831B9673B863}"
EndProject
Project("{FAE04EC0-301F-11D3-BF4B-00C04F79EFBC}") = "MonoGame.Extended.Tests", "MonoGame.Extended.Tests\MonoGame.Extended.Tests.csproj", "{CEF2144F-7E98-45A5-BE08-E6DBC307A5C1}"
EndProject
Project("{FAE04EC0-301F-11D3-BF4B-00C04F79EFBC}") = "MonoGame.Extended.Content.Pipeline.Tests", "MonoGame.Extended.Content.Pipeline.Tests\MonoGame.Extended.Content.Pipeline.Tests.csproj", "{75D76507-9CB0-4A60-BE46-696DF6E7AA6C}"
EndProject
Project("{2150E333-8FDC-42A3-9474-1A3956D46DE8}") = "Demos", "Demos", "{932F8931-4A8D-4205-BFCF-98E794207786}"
EndProject
Project("{FAE04EC0-301F-11D3-BF4B-00C04F79EFBC}") = "Demo.BitmapFonts", "Demos\Demo.BitmapFonts\Demo.BitmapFonts.csproj", "{18CCC0B0-4FF9-4C23-BD46-483132E1D986}"
	ProjectSection(ProjectDependencies) = postProject
		{28CD24BD-432C-4987-9E9D-65CFCF120EA0} = {28CD24BD-432C-4987-9E9D-65CFCF120EA0}
	EndProjectSection
EndProject
Project("{FAE04EC0-301F-11D3-BF4B-00C04F79EFBC}") = "Demo.Camera", "Demos\Demo.Camera\Demo.Camera.csproj", "{01020F15-6905-4D0E-8874-3259DFE7CEB7}"
	ProjectSection(ProjectDependencies) = postProject
		{28CD24BD-432C-4987-9E9D-65CFCF120EA0} = {28CD24BD-432C-4987-9E9D-65CFCF120EA0}
	EndProjectSection
EndProject
Project("{FAE04EC0-301F-11D3-BF4B-00C04F79EFBC}") = "Demo.InputListeners", "Demos\Demo.InputListeners\Demo.InputListeners.csproj", "{AE49D5C1-94DB-4A78-9A59-C58AEB03D62D}"
	ProjectSection(ProjectDependencies) = postProject
		{28CD24BD-432C-4987-9E9D-65CFCF120EA0} = {28CD24BD-432C-4987-9E9D-65CFCF120EA0}
	EndProjectSection
EndProject
Project("{FAE04EC0-301F-11D3-BF4B-00C04F79EFBC}") = "Demo.SceneGraphs", "Demos\Demo.SceneGraphs\Demo.SceneGraphs.csproj", "{274091CB-D74C-4DCB-849D-75D29622ADD2}"
	ProjectSection(ProjectDependencies) = postProject
		{28CD24BD-432C-4987-9E9D-65CFCF120EA0} = {28CD24BD-432C-4987-9E9D-65CFCF120EA0}
	EndProjectSection
EndProject
Project("{FAE04EC0-301F-11D3-BF4B-00C04F79EFBC}") = "Demo.SpaceGame", "Demos\Demo.SpaceGame\Demo.SpaceGame.csproj", "{D5314E38-8F5A-48A5-A092-BD8BBEACB5DD}"
	ProjectSection(ProjectDependencies) = postProject
		{28CD24BD-432C-4987-9E9D-65CFCF120EA0} = {28CD24BD-432C-4987-9E9D-65CFCF120EA0}
	EndProjectSection
EndProject
Project("{FAE04EC0-301F-11D3-BF4B-00C04F79EFBC}") = "Demo.Sprites", "Demos\Demo.Sprites\Demo.Sprites.csproj", "{7B1DAE14-0001-48E6-853D-C3D211982BAA}"
	ProjectSection(ProjectDependencies) = postProject
		{28CD24BD-432C-4987-9E9D-65CFCF120EA0} = {28CD24BD-432C-4987-9E9D-65CFCF120EA0}
	EndProjectSection
EndProject
Project("{FAE04EC0-301F-11D3-BF4B-00C04F79EFBC}") = "Demo.SpriteSheetAnimatons", "Demos\Demo.SpriteSheetAnimations\Demo.SpriteSheetAnimatons.csproj", "{B7965D5F-83D2-4C04-B9FE-7D5FBF365F93}"
	ProjectSection(ProjectDependencies) = postProject
		{28CD24BD-432C-4987-9E9D-65CFCF120EA0} = {28CD24BD-432C-4987-9E9D-65CFCF120EA0}
	EndProjectSection
EndProject
Project("{FAE04EC0-301F-11D3-BF4B-00C04F79EFBC}") = "Demo.TiledMaps", "Demos\Demo.TiledMaps\Demo.TiledMaps.csproj", "{1AA1A796-CFC6-4663-8D23-FBB9CE62744B}"
	ProjectSection(ProjectDependencies) = postProject
		{28CD24BD-432C-4987-9E9D-65CFCF120EA0} = {28CD24BD-432C-4987-9E9D-65CFCF120EA0}
	EndProjectSection
EndProject
Project("{FAE04EC0-301F-11D3-BF4B-00C04F79EFBC}") = "Demo.ViewportAdapters", "Demos\Demo.ViewportAdapters\Demo.ViewportAdapters.csproj", "{5B629714-40BF-4584-939F-B69A9689B360}"
	ProjectSection(ProjectDependencies) = postProject
		{28CD24BD-432C-4987-9E9D-65CFCF120EA0} = {28CD24BD-432C-4987-9E9D-65CFCF120EA0}
	EndProjectSection
EndProject
Project("{FAE04EC0-301F-11D3-BF4B-00C04F79EFBC}") = "Demo.Particles", "Demos\Demo.Particles\Demo.Particles.csproj", "{5BD30E9B-D5BF-46CB-AA34-3E2ED0819952}"
	ProjectSection(ProjectDependencies) = postProject
		{28CD24BD-432C-4987-9E9D-65CFCF120EA0} = {28CD24BD-432C-4987-9E9D-65CFCF120EA0}
	EndProjectSection
EndProject
Project("{FAE04EC0-301F-11D3-BF4B-00C04F79EFBC}") = "Demo.Animations", "Demos\Demo.Animations\Demo.Animations.csproj", "{1C21F12C-FA6A-4759-B66F-EA2F67003BF4}"
	ProjectSection(ProjectDependencies) = postProject
		{28CD24BD-432C-4987-9E9D-65CFCF120EA0} = {28CD24BD-432C-4987-9E9D-65CFCF120EA0}
	EndProjectSection
EndProject
Project("{FAE04EC0-301F-11D3-BF4B-00C04F79EFBC}") = "Demo.Gui", "Demos\Demo.Gui\Demo.Gui.csproj", "{62E83B48-D581-4E85-B7E7-9A87A811A99C}"
	ProjectSection(ProjectDependencies) = postProject
		{8E425575-378A-4F83-88C9-F8BEBAD227C9} = {8E425575-378A-4F83-88C9-F8BEBAD227C9}
		{28CD24BD-432C-4987-9E9D-65CFCF120EA0} = {28CD24BD-432C-4987-9E9D-65CFCF120EA0}
	EndProjectSection
EndProject
Project("{FAE04EC0-301F-11D3-BF4B-00C04F79EFBC}") = "Demo.Screens", "Demos\Demo.Screens\Demo.Screens.csproj", "{50C281D9-1D55-4E5C-836B-94110EC09605}"
	ProjectSection(ProjectDependencies) = postProject
		{28CD24BD-432C-4987-9E9D-65CFCF120EA0} = {28CD24BD-432C-4987-9E9D-65CFCF120EA0}
	EndProjectSection
EndProject
Project("{FAE04EC0-301F-11D3-BF4B-00C04F79EFBC}") = "Demo.Platformer", "Demos\Demo.Platformer\Demo.Platformer.csproj", "{A7A5E924-A49D-4052-ACA2-894161007B00}"
	ProjectSection(ProjectDependencies) = postProject
		{28CD24BD-432C-4987-9E9D-65CFCF120EA0} = {28CD24BD-432C-4987-9E9D-65CFCF120EA0}
	EndProjectSection
EndProject
Project("{FAE04EC0-301F-11D3-BF4B-00C04F79EFBC}") = "Demo.EntityComponentSystem", "Demos\Demo.EntityComponentSystem\Demo.EntityComponentSystem.csproj", "{A2B9E42A-B2D1-476D-9F4B-E64824DA57EE}"
EndProject
Project("{FAE04EC0-301F-11D3-BF4B-00C04F79EFBC}") = "Demo.Batching", "Demos\Demo.Batching\Demo.Batching.csproj", "{5A251894-0462-47B6-9A63-BE26AA8CABDD}"
	ProjectSection(ProjectDependencies) = postProject
		{9B3AB8A1-78AA-471A-AFD0-B10B932115BC} = {9B3AB8A1-78AA-471A-AFD0-B10B932115BC}
		{28CD24BD-432C-4987-9E9D-65CFCF120EA0} = {28CD24BD-432C-4987-9E9D-65CFCF120EA0}
	EndProjectSection
EndProject
Project("{FAE04EC0-301F-11D3-BF4B-00C04F79EFBC}") = "Demo.NuclexGui", "Demos\Demo.NuclexGui\Demo.NuclexGui.csproj", "{8003BA78-CB44-46B5-85A2-2A6440C3EFDC}"
EndProject
Project("{FAE04EC0-301F-11D3-BF4B-00C04F79EFBC}") = "MonoGame.Extended.Collisions", "MonoGame.Extended.Collisions\MonoGame.Extended.Collisions.csproj", "{02562C6F-5BFB-467E-8A95-68B6CE2D635A}"
EndProject
Project("{FAE04EC0-301F-11D3-BF4B-00C04F79EFBC}") = "MonoGame.Extended.Gui", "MonoGame.Extended.Gui\MonoGame.Extended.Gui.csproj", "{8E425575-378A-4F83-88C9-F8BEBAD227C9}"
EndProject
Project("{FAE04EC0-301F-11D3-BF4B-00C04F79EFBC}") = "MonoGame.Extended.Gui.Tests", "MonoGame.Extended.Gui.Tests\MonoGame.Extended.Gui.Tests.csproj", "{43CBA868-9BFC-4E02-8A7A-142C603B087E}"
EndProject
Project("{FAE04EC0-301F-11D3-BF4B-00C04F79EFBC}") = "MonoGame.Extended.Graphics", "MonoGame.Extended.Graphics\MonoGame.Extended.Graphics.csproj", "{9B3AB8A1-78AA-471A-AFD0-B10B932115BC}"
EndProject
Global
	GlobalSection(SolutionConfigurationPlatforms) = preSolution
		Debug|Any CPU = Debug|Any CPU
		Debug|x86 = Debug|x86
		Release|Any CPU = Release|Any CPU
		Release|x86 = Release|x86
	EndGlobalSection
	GlobalSection(ProjectConfigurationPlatforms) = postSolution
		{41724C52-3D50-45BB-81EB-3C8A247EAFD1}.Debug|Any CPU.ActiveCfg = Debug|Any CPU
		{41724C52-3D50-45BB-81EB-3C8A247EAFD1}.Debug|Any CPU.Build.0 = Debug|Any CPU
		{41724C52-3D50-45BB-81EB-3C8A247EAFD1}.Debug|x86.ActiveCfg = Debug|Any CPU
		{41724C52-3D50-45BB-81EB-3C8A247EAFD1}.Debug|x86.Build.0 = Debug|Any CPU
		{41724C52-3D50-45BB-81EB-3C8A247EAFD1}.Release|Any CPU.ActiveCfg = Release|Any CPU
		{41724C52-3D50-45BB-81EB-3C8A247EAFD1}.Release|Any CPU.Build.0 = Release|Any CPU
		{41724C52-3D50-45BB-81EB-3C8A247EAFD1}.Release|x86.ActiveCfg = Release|Any CPU
		{41724C52-3D50-45BB-81EB-3C8A247EAFD1}.Release|x86.Build.0 = Release|Any CPU
		{28CD24BD-432C-4987-9E9D-65CFCF120EA0}.Debug|Any CPU.ActiveCfg = Debug|Any CPU
		{28CD24BD-432C-4987-9E9D-65CFCF120EA0}.Debug|Any CPU.Build.0 = Debug|Any CPU
		{28CD24BD-432C-4987-9E9D-65CFCF120EA0}.Debug|x86.ActiveCfg = Debug|Any CPU
		{28CD24BD-432C-4987-9E9D-65CFCF120EA0}.Debug|x86.Build.0 = Debug|Any CPU
		{28CD24BD-432C-4987-9E9D-65CFCF120EA0}.Release|Any CPU.ActiveCfg = Release|Any CPU
		{28CD24BD-432C-4987-9E9D-65CFCF120EA0}.Release|Any CPU.Build.0 = Release|Any CPU
		{28CD24BD-432C-4987-9E9D-65CFCF120EA0}.Release|x86.ActiveCfg = Release|Any CPU
		{28CD24BD-432C-4987-9E9D-65CFCF120EA0}.Release|x86.Build.0 = Release|Any CPU
		{CEF2144F-7E98-45A5-BE08-E6DBC307A5C1}.Debug|Any CPU.ActiveCfg = Debug|Any CPU
		{CEF2144F-7E98-45A5-BE08-E6DBC307A5C1}.Debug|Any CPU.Build.0 = Debug|Any CPU
		{CEF2144F-7E98-45A5-BE08-E6DBC307A5C1}.Debug|x86.ActiveCfg = Debug|Any CPU
		{CEF2144F-7E98-45A5-BE08-E6DBC307A5C1}.Debug|x86.Build.0 = Debug|Any CPU
		{CEF2144F-7E98-45A5-BE08-E6DBC307A5C1}.Release|Any CPU.ActiveCfg = Release|Any CPU
		{CEF2144F-7E98-45A5-BE08-E6DBC307A5C1}.Release|Any CPU.Build.0 = Release|Any CPU
		{CEF2144F-7E98-45A5-BE08-E6DBC307A5C1}.Release|x86.ActiveCfg = Release|Any CPU
		{CEF2144F-7E98-45A5-BE08-E6DBC307A5C1}.Release|x86.Build.0 = Release|Any CPU
		{75D76507-9CB0-4A60-BE46-696DF6E7AA6C}.Debug|Any CPU.ActiveCfg = Debug|Any CPU
		{75D76507-9CB0-4A60-BE46-696DF6E7AA6C}.Debug|Any CPU.Build.0 = Debug|Any CPU
		{75D76507-9CB0-4A60-BE46-696DF6E7AA6C}.Debug|x86.ActiveCfg = Debug|Any CPU
		{75D76507-9CB0-4A60-BE46-696DF6E7AA6C}.Debug|x86.Build.0 = Debug|Any CPU
		{75D76507-9CB0-4A60-BE46-696DF6E7AA6C}.Release|Any CPU.ActiveCfg = Release|Any CPU
		{75D76507-9CB0-4A60-BE46-696DF6E7AA6C}.Release|Any CPU.Build.0 = Release|Any CPU
		{75D76507-9CB0-4A60-BE46-696DF6E7AA6C}.Release|x86.ActiveCfg = Release|Any CPU
		{75D76507-9CB0-4A60-BE46-696DF6E7AA6C}.Release|x86.Build.0 = Release|Any CPU
		{18CCC0B0-4FF9-4C23-BD46-483132E1D986}.Debug|Any CPU.ActiveCfg = Debug|Any CPU
		{18CCC0B0-4FF9-4C23-BD46-483132E1D986}.Debug|Any CPU.Build.0 = Debug|Any CPU
		{18CCC0B0-4FF9-4C23-BD46-483132E1D986}.Debug|x86.ActiveCfg = Debug|Any CPU
		{18CCC0B0-4FF9-4C23-BD46-483132E1D986}.Debug|x86.Build.0 = Debug|Any CPU
		{18CCC0B0-4FF9-4C23-BD46-483132E1D986}.Release|Any CPU.ActiveCfg = Release|Any CPU
		{18CCC0B0-4FF9-4C23-BD46-483132E1D986}.Release|Any CPU.Build.0 = Release|Any CPU
		{18CCC0B0-4FF9-4C23-BD46-483132E1D986}.Release|x86.ActiveCfg = Release|Any CPU
		{18CCC0B0-4FF9-4C23-BD46-483132E1D986}.Release|x86.Build.0 = Release|Any CPU
		{01020F15-6905-4D0E-8874-3259DFE7CEB7}.Debug|Any CPU.ActiveCfg = Debug|Any CPU
		{01020F15-6905-4D0E-8874-3259DFE7CEB7}.Debug|Any CPU.Build.0 = Debug|Any CPU
		{01020F15-6905-4D0E-8874-3259DFE7CEB7}.Debug|x86.ActiveCfg = Debug|Any CPU
		{01020F15-6905-4D0E-8874-3259DFE7CEB7}.Debug|x86.Build.0 = Debug|Any CPU
		{01020F15-6905-4D0E-8874-3259DFE7CEB7}.Release|Any CPU.ActiveCfg = Release|Any CPU
		{01020F15-6905-4D0E-8874-3259DFE7CEB7}.Release|Any CPU.Build.0 = Release|Any CPU
		{01020F15-6905-4D0E-8874-3259DFE7CEB7}.Release|x86.ActiveCfg = Release|Any CPU
		{01020F15-6905-4D0E-8874-3259DFE7CEB7}.Release|x86.Build.0 = Release|Any CPU
		{AE49D5C1-94DB-4A78-9A59-C58AEB03D62D}.Debug|Any CPU.ActiveCfg = Debug|Any CPU
		{AE49D5C1-94DB-4A78-9A59-C58AEB03D62D}.Debug|Any CPU.Build.0 = Debug|Any CPU
		{AE49D5C1-94DB-4A78-9A59-C58AEB03D62D}.Debug|x86.ActiveCfg = Debug|Any CPU
		{AE49D5C1-94DB-4A78-9A59-C58AEB03D62D}.Debug|x86.Build.0 = Debug|Any CPU
		{AE49D5C1-94DB-4A78-9A59-C58AEB03D62D}.Release|Any CPU.ActiveCfg = Release|Any CPU
		{AE49D5C1-94DB-4A78-9A59-C58AEB03D62D}.Release|Any CPU.Build.0 = Release|Any CPU
		{AE49D5C1-94DB-4A78-9A59-C58AEB03D62D}.Release|x86.ActiveCfg = Release|Any CPU
		{AE49D5C1-94DB-4A78-9A59-C58AEB03D62D}.Release|x86.Build.0 = Release|Any CPU
		{274091CB-D74C-4DCB-849D-75D29622ADD2}.Debug|Any CPU.ActiveCfg = Debug|Any CPU
		{274091CB-D74C-4DCB-849D-75D29622ADD2}.Debug|Any CPU.Build.0 = Debug|Any CPU
		{274091CB-D74C-4DCB-849D-75D29622ADD2}.Debug|x86.ActiveCfg = Debug|Any CPU
		{274091CB-D74C-4DCB-849D-75D29622ADD2}.Debug|x86.Build.0 = Debug|Any CPU
		{274091CB-D74C-4DCB-849D-75D29622ADD2}.Release|Any CPU.ActiveCfg = Release|Any CPU
		{274091CB-D74C-4DCB-849D-75D29622ADD2}.Release|Any CPU.Build.0 = Release|Any CPU
		{274091CB-D74C-4DCB-849D-75D29622ADD2}.Release|x86.ActiveCfg = Release|Any CPU
		{274091CB-D74C-4DCB-849D-75D29622ADD2}.Release|x86.Build.0 = Release|Any CPU
		{D5314E38-8F5A-48A5-A092-BD8BBEACB5DD}.Debug|Any CPU.ActiveCfg = Debug|Any CPU
		{D5314E38-8F5A-48A5-A092-BD8BBEACB5DD}.Debug|Any CPU.Build.0 = Debug|Any CPU
		{D5314E38-8F5A-48A5-A092-BD8BBEACB5DD}.Debug|x86.ActiveCfg = Debug|Any CPU
		{D5314E38-8F5A-48A5-A092-BD8BBEACB5DD}.Debug|x86.Build.0 = Debug|Any CPU
		{D5314E38-8F5A-48A5-A092-BD8BBEACB5DD}.Release|Any CPU.ActiveCfg = Release|Any CPU
		{D5314E38-8F5A-48A5-A092-BD8BBEACB5DD}.Release|Any CPU.Build.0 = Release|Any CPU
		{D5314E38-8F5A-48A5-A092-BD8BBEACB5DD}.Release|x86.ActiveCfg = Release|Any CPU
		{D5314E38-8F5A-48A5-A092-BD8BBEACB5DD}.Release|x86.Build.0 = Release|Any CPU
		{7B1DAE14-0001-48E6-853D-C3D211982BAA}.Debug|Any CPU.ActiveCfg = Debug|Any CPU
		{7B1DAE14-0001-48E6-853D-C3D211982BAA}.Debug|Any CPU.Build.0 = Debug|Any CPU
		{7B1DAE14-0001-48E6-853D-C3D211982BAA}.Debug|x86.ActiveCfg = Debug|Any CPU
		{7B1DAE14-0001-48E6-853D-C3D211982BAA}.Debug|x86.Build.0 = Debug|Any CPU
		{7B1DAE14-0001-48E6-853D-C3D211982BAA}.Release|Any CPU.ActiveCfg = Release|Any CPU
		{7B1DAE14-0001-48E6-853D-C3D211982BAA}.Release|Any CPU.Build.0 = Release|Any CPU
		{7B1DAE14-0001-48E6-853D-C3D211982BAA}.Release|x86.ActiveCfg = Release|Any CPU
		{7B1DAE14-0001-48E6-853D-C3D211982BAA}.Release|x86.Build.0 = Release|Any CPU
		{B7965D5F-83D2-4C04-B9FE-7D5FBF365F93}.Debug|Any CPU.ActiveCfg = Debug|Any CPU
		{B7965D5F-83D2-4C04-B9FE-7D5FBF365F93}.Debug|Any CPU.Build.0 = Debug|Any CPU
		{B7965D5F-83D2-4C04-B9FE-7D5FBF365F93}.Debug|x86.ActiveCfg = Debug|Any CPU
		{B7965D5F-83D2-4C04-B9FE-7D5FBF365F93}.Debug|x86.Build.0 = Debug|Any CPU
		{B7965D5F-83D2-4C04-B9FE-7D5FBF365F93}.Release|Any CPU.ActiveCfg = Release|Any CPU
		{B7965D5F-83D2-4C04-B9FE-7D5FBF365F93}.Release|Any CPU.Build.0 = Release|Any CPU
		{B7965D5F-83D2-4C04-B9FE-7D5FBF365F93}.Release|x86.ActiveCfg = Release|Any CPU
		{B7965D5F-83D2-4C04-B9FE-7D5FBF365F93}.Release|x86.Build.0 = Release|Any CPU
		{1AA1A796-CFC6-4663-8D23-FBB9CE62744B}.Debug|Any CPU.ActiveCfg = Debug|Any CPU
		{1AA1A796-CFC6-4663-8D23-FBB9CE62744B}.Debug|Any CPU.Build.0 = Debug|Any CPU
		{1AA1A796-CFC6-4663-8D23-FBB9CE62744B}.Debug|x86.ActiveCfg = Debug|Any CPU
		{1AA1A796-CFC6-4663-8D23-FBB9CE62744B}.Debug|x86.Build.0 = Debug|Any CPU
		{1AA1A796-CFC6-4663-8D23-FBB9CE62744B}.Release|Any CPU.ActiveCfg = Release|Any CPU
		{1AA1A796-CFC6-4663-8D23-FBB9CE62744B}.Release|Any CPU.Build.0 = Release|Any CPU
		{1AA1A796-CFC6-4663-8D23-FBB9CE62744B}.Release|x86.ActiveCfg = Release|Any CPU
		{1AA1A796-CFC6-4663-8D23-FBB9CE62744B}.Release|x86.Build.0 = Release|Any CPU
		{5B629714-40BF-4584-939F-B69A9689B360}.Debug|Any CPU.ActiveCfg = Debug|Any CPU
		{5B629714-40BF-4584-939F-B69A9689B360}.Debug|Any CPU.Build.0 = Debug|Any CPU
		{5B629714-40BF-4584-939F-B69A9689B360}.Debug|x86.ActiveCfg = Debug|Any CPU
		{5B629714-40BF-4584-939F-B69A9689B360}.Debug|x86.Build.0 = Debug|Any CPU
		{5B629714-40BF-4584-939F-B69A9689B360}.Release|Any CPU.ActiveCfg = Release|Any CPU
		{5B629714-40BF-4584-939F-B69A9689B360}.Release|Any CPU.Build.0 = Release|Any CPU
		{5B629714-40BF-4584-939F-B69A9689B360}.Release|x86.ActiveCfg = Release|Any CPU
		{5B629714-40BF-4584-939F-B69A9689B360}.Release|x86.Build.0 = Release|Any CPU
		{5BD30E9B-D5BF-46CB-AA34-3E2ED0819952}.Debug|Any CPU.ActiveCfg = Debug|Any CPU
		{5BD30E9B-D5BF-46CB-AA34-3E2ED0819952}.Debug|Any CPU.Build.0 = Debug|Any CPU
		{5BD30E9B-D5BF-46CB-AA34-3E2ED0819952}.Debug|x86.ActiveCfg = Debug|Any CPU
		{5BD30E9B-D5BF-46CB-AA34-3E2ED0819952}.Debug|x86.Build.0 = Debug|Any CPU
		{5BD30E9B-D5BF-46CB-AA34-3E2ED0819952}.Release|Any CPU.ActiveCfg = Release|Any CPU
		{5BD30E9B-D5BF-46CB-AA34-3E2ED0819952}.Release|Any CPU.Build.0 = Release|Any CPU
		{5BD30E9B-D5BF-46CB-AA34-3E2ED0819952}.Release|x86.ActiveCfg = Release|Any CPU
		{5BD30E9B-D5BF-46CB-AA34-3E2ED0819952}.Release|x86.Build.0 = Release|Any CPU
		{1C21F12C-FA6A-4759-B66F-EA2F67003BF4}.Debug|Any CPU.ActiveCfg = Debug|Any CPU
		{1C21F12C-FA6A-4759-B66F-EA2F67003BF4}.Debug|Any CPU.Build.0 = Debug|Any CPU
		{1C21F12C-FA6A-4759-B66F-EA2F67003BF4}.Debug|x86.ActiveCfg = Debug|Any CPU
		{1C21F12C-FA6A-4759-B66F-EA2F67003BF4}.Debug|x86.Build.0 = Debug|Any CPU
		{1C21F12C-FA6A-4759-B66F-EA2F67003BF4}.Release|Any CPU.ActiveCfg = Release|Any CPU
		{1C21F12C-FA6A-4759-B66F-EA2F67003BF4}.Release|Any CPU.Build.0 = Release|Any CPU
		{1C21F12C-FA6A-4759-B66F-EA2F67003BF4}.Release|x86.ActiveCfg = Release|Any CPU
		{1C21F12C-FA6A-4759-B66F-EA2F67003BF4}.Release|x86.Build.0 = Release|Any CPU
		{62E83B48-D581-4E85-B7E7-9A87A811A99C}.Debug|Any CPU.ActiveCfg = Debug|Any CPU
		{62E83B48-D581-4E85-B7E7-9A87A811A99C}.Debug|Any CPU.Build.0 = Debug|Any CPU
		{62E83B48-D581-4E85-B7E7-9A87A811A99C}.Debug|x86.ActiveCfg = Debug|Any CPU
		{62E83B48-D581-4E85-B7E7-9A87A811A99C}.Debug|x86.Build.0 = Debug|Any CPU
		{62E83B48-D581-4E85-B7E7-9A87A811A99C}.Release|Any CPU.ActiveCfg = Release|Any CPU
		{62E83B48-D581-4E85-B7E7-9A87A811A99C}.Release|Any CPU.Build.0 = Release|Any CPU
		{62E83B48-D581-4E85-B7E7-9A87A811A99C}.Release|x86.ActiveCfg = Release|Any CPU
		{62E83B48-D581-4E85-B7E7-9A87A811A99C}.Release|x86.Build.0 = Release|Any CPU
		{50C281D9-1D55-4E5C-836B-94110EC09605}.Debug|Any CPU.ActiveCfg = Debug|Any CPU
		{50C281D9-1D55-4E5C-836B-94110EC09605}.Debug|Any CPU.Build.0 = Debug|Any CPU
		{50C281D9-1D55-4E5C-836B-94110EC09605}.Debug|x86.ActiveCfg = Debug|Any CPU
		{50C281D9-1D55-4E5C-836B-94110EC09605}.Debug|x86.Build.0 = Debug|Any CPU
		{50C281D9-1D55-4E5C-836B-94110EC09605}.Release|Any CPU.ActiveCfg = Release|Any CPU
		{50C281D9-1D55-4E5C-836B-94110EC09605}.Release|Any CPU.Build.0 = Release|Any CPU
		{50C281D9-1D55-4E5C-836B-94110EC09605}.Release|x86.ActiveCfg = Release|Any CPU
		{50C281D9-1D55-4E5C-836B-94110EC09605}.Release|x86.Build.0 = Release|Any CPU
		{A7A5E924-A49D-4052-ACA2-894161007B00}.Debug|Any CPU.ActiveCfg = Debug|Any CPU
		{A7A5E924-A49D-4052-ACA2-894161007B00}.Debug|Any CPU.Build.0 = Debug|Any CPU
		{A7A5E924-A49D-4052-ACA2-894161007B00}.Debug|x86.ActiveCfg = Debug|Any CPU
		{A7A5E924-A49D-4052-ACA2-894161007B00}.Debug|x86.Build.0 = Debug|Any CPU
		{A7A5E924-A49D-4052-ACA2-894161007B00}.Release|Any CPU.ActiveCfg = Release|Any CPU
		{A7A5E924-A49D-4052-ACA2-894161007B00}.Release|Any CPU.Build.0 = Release|Any CPU
		{A7A5E924-A49D-4052-ACA2-894161007B00}.Release|x86.ActiveCfg = Release|Any CPU
		{A7A5E924-A49D-4052-ACA2-894161007B00}.Release|x86.Build.0 = Release|Any CPU
		{A2B9E42A-B2D1-476D-9F4B-E64824DA57EE}.Debug|Any CPU.ActiveCfg = Debug|Any CPU
		{A2B9E42A-B2D1-476D-9F4B-E64824DA57EE}.Debug|Any CPU.Build.0 = Debug|Any CPU
		{A2B9E42A-B2D1-476D-9F4B-E64824DA57EE}.Debug|x86.ActiveCfg = Debug|Any CPU
		{A2B9E42A-B2D1-476D-9F4B-E64824DA57EE}.Debug|x86.Build.0 = Debug|Any CPU
		{A2B9E42A-B2D1-476D-9F4B-E64824DA57EE}.Release|Any CPU.ActiveCfg = Release|Any CPU
		{A2B9E42A-B2D1-476D-9F4B-E64824DA57EE}.Release|Any CPU.Build.0 = Release|Any CPU
		{A2B9E42A-B2D1-476D-9F4B-E64824DA57EE}.Release|x86.ActiveCfg = Release|Any CPU
		{A2B9E42A-B2D1-476D-9F4B-E64824DA57EE}.Release|x86.Build.0 = Release|Any CPU
		{5A251894-0462-47B6-9A63-BE26AA8CABDD}.Debug|Any CPU.ActiveCfg = Debug|Any CPU
		{5A251894-0462-47B6-9A63-BE26AA8CABDD}.Debug|Any CPU.Build.0 = Debug|Any CPU
		{5A251894-0462-47B6-9A63-BE26AA8CABDD}.Debug|x86.ActiveCfg = Debug|Any CPU
		{5A251894-0462-47B6-9A63-BE26AA8CABDD}.Debug|x86.Build.0 = Debug|Any CPU
		{5A251894-0462-47B6-9A63-BE26AA8CABDD}.Release|Any CPU.ActiveCfg = Release|Any CPU
		{5A251894-0462-47B6-9A63-BE26AA8CABDD}.Release|Any CPU.Build.0 = Release|Any CPU
		{5A251894-0462-47B6-9A63-BE26AA8CABDD}.Release|x86.ActiveCfg = Release|Any CPU
		{5A251894-0462-47B6-9A63-BE26AA8CABDD}.Release|x86.Build.0 = Release|Any CPU
		{8003BA78-CB44-46B5-85A2-2A6440C3EFDC}.Debug|Any CPU.ActiveCfg = Debug|Any CPU
		{8003BA78-CB44-46B5-85A2-2A6440C3EFDC}.Debug|Any CPU.Build.0 = Debug|Any CPU
		{8003BA78-CB44-46B5-85A2-2A6440C3EFDC}.Debug|x86.ActiveCfg = Debug|Any CPU
		{8003BA78-CB44-46B5-85A2-2A6440C3EFDC}.Debug|x86.Build.0 = Debug|Any CPU
		{8003BA78-CB44-46B5-85A2-2A6440C3EFDC}.Release|Any CPU.ActiveCfg = Release|Any CPU
		{8003BA78-CB44-46B5-85A2-2A6440C3EFDC}.Release|Any CPU.Build.0 = Release|Any CPU
		{8003BA78-CB44-46B5-85A2-2A6440C3EFDC}.Release|x86.ActiveCfg = Release|Any CPU
		{8003BA78-CB44-46B5-85A2-2A6440C3EFDC}.Release|x86.Build.0 = Release|Any CPU
		{02562C6F-5BFB-467E-8A95-68B6CE2D635A}.Debug|Any CPU.ActiveCfg = Debug|Any CPU
		{02562C6F-5BFB-467E-8A95-68B6CE2D635A}.Debug|Any CPU.Build.0 = Debug|Any CPU
		{02562C6F-5BFB-467E-8A95-68B6CE2D635A}.Debug|x86.ActiveCfg = Debug|Any CPU
		{02562C6F-5BFB-467E-8A95-68B6CE2D635A}.Debug|x86.Build.0 = Debug|Any CPU
		{02562C6F-5BFB-467E-8A95-68B6CE2D635A}.Release|Any CPU.ActiveCfg = Release|Any CPU
		{02562C6F-5BFB-467E-8A95-68B6CE2D635A}.Release|Any CPU.Build.0 = Release|Any CPU
		{02562C6F-5BFB-467E-8A95-68B6CE2D635A}.Release|x86.ActiveCfg = Release|Any CPU
		{02562C6F-5BFB-467E-8A95-68B6CE2D635A}.Release|x86.Build.0 = Release|Any CPU
		{8E425575-378A-4F83-88C9-F8BEBAD227C9}.Debug|Any CPU.ActiveCfg = Debug|Any CPU
		{8E425575-378A-4F83-88C9-F8BEBAD227C9}.Debug|Any CPU.Build.0 = Debug|Any CPU
		{8E425575-378A-4F83-88C9-F8BEBAD227C9}.Debug|x86.ActiveCfg = Debug|Any CPU
		{8E425575-378A-4F83-88C9-F8BEBAD227C9}.Debug|x86.Build.0 = Debug|Any CPU
		{8E425575-378A-4F83-88C9-F8BEBAD227C9}.Release|Any CPU.ActiveCfg = Release|Any CPU
		{8E425575-378A-4F83-88C9-F8BEBAD227C9}.Release|Any CPU.Build.0 = Release|Any CPU
		{8E425575-378A-4F83-88C9-F8BEBAD227C9}.Release|x86.ActiveCfg = Release|Any CPU
		{8E425575-378A-4F83-88C9-F8BEBAD227C9}.Release|x86.Build.0 = Release|Any CPU
		{43CBA868-9BFC-4E02-8A7A-142C603B087E}.Debug|Any CPU.ActiveCfg = Debug|Any CPU
		{43CBA868-9BFC-4E02-8A7A-142C603B087E}.Debug|Any CPU.Build.0 = Debug|Any CPU
		{43CBA868-9BFC-4E02-8A7A-142C603B087E}.Debug|x86.ActiveCfg = Debug|Any CPU
		{43CBA868-9BFC-4E02-8A7A-142C603B087E}.Debug|x86.Build.0 = Debug|Any CPU
		{43CBA868-9BFC-4E02-8A7A-142C603B087E}.Release|Any CPU.ActiveCfg = Release|Any CPU
		{43CBA868-9BFC-4E02-8A7A-142C603B087E}.Release|Any CPU.Build.0 = Release|Any CPU
		{43CBA868-9BFC-4E02-8A7A-142C603B087E}.Release|x86.ActiveCfg = Release|Any CPU
		{43CBA868-9BFC-4E02-8A7A-142C603B087E}.Release|x86.Build.0 = Release|Any CPU
		{9B3AB8A1-78AA-471A-AFD0-B10B932115BC}.Debug|Any CPU.ActiveCfg = Debug|Any CPU
		{9B3AB8A1-78AA-471A-AFD0-B10B932115BC}.Debug|Any CPU.Build.0 = Debug|Any CPU
		{9B3AB8A1-78AA-471A-AFD0-B10B932115BC}.Debug|x86.ActiveCfg = Debug|Any CPU
		{9B3AB8A1-78AA-471A-AFD0-B10B932115BC}.Debug|x86.Build.0 = Debug|Any CPU
		{9B3AB8A1-78AA-471A-AFD0-B10B932115BC}.Release|Any CPU.ActiveCfg = Release|Any CPU
		{9B3AB8A1-78AA-471A-AFD0-B10B932115BC}.Release|Any CPU.Build.0 = Release|Any CPU
		{9B3AB8A1-78AA-471A-AFD0-B10B932115BC}.Release|x86.ActiveCfg = Release|Any CPU
		{9B3AB8A1-78AA-471A-AFD0-B10B932115BC}.Release|x86.Build.0 = Release|Any CPU
	EndGlobalSection
	GlobalSection(SolutionProperties) = preSolution
		HideSolutionNode = FALSE
	EndGlobalSection
	GlobalSection(NestedProjects) = preSolution
		{CEF2144F-7E98-45A5-BE08-E6DBC307A5C1} = {E5A148A1-DE7B-4D17-ABE8-831B9673B863}
		{75D76507-9CB0-4A60-BE46-696DF6E7AA6C} = {E5A148A1-DE7B-4D17-ABE8-831B9673B863}
		{18CCC0B0-4FF9-4C23-BD46-483132E1D986} = {932F8931-4A8D-4205-BFCF-98E794207786}
		{01020F15-6905-4D0E-8874-3259DFE7CEB7} = {932F8931-4A8D-4205-BFCF-98E794207786}
		{AE49D5C1-94DB-4A78-9A59-C58AEB03D62D} = {932F8931-4A8D-4205-BFCF-98E794207786}
		{274091CB-D74C-4DCB-849D-75D29622ADD2} = {932F8931-4A8D-4205-BFCF-98E794207786}
		{D5314E38-8F5A-48A5-A092-BD8BBEACB5DD} = {932F8931-4A8D-4205-BFCF-98E794207786}
		{7B1DAE14-0001-48E6-853D-C3D211982BAA} = {932F8931-4A8D-4205-BFCF-98E794207786}
		{B7965D5F-83D2-4C04-B9FE-7D5FBF365F93} = {932F8931-4A8D-4205-BFCF-98E794207786}
		{1AA1A796-CFC6-4663-8D23-FBB9CE62744B} = {932F8931-4A8D-4205-BFCF-98E794207786}
		{5B629714-40BF-4584-939F-B69A9689B360} = {932F8931-4A8D-4205-BFCF-98E794207786}
		{5BD30E9B-D5BF-46CB-AA34-3E2ED0819952} = {932F8931-4A8D-4205-BFCF-98E794207786}
		{1C21F12C-FA6A-4759-B66F-EA2F67003BF4} = {932F8931-4A8D-4205-BFCF-98E794207786}
		{62E83B48-D581-4E85-B7E7-9A87A811A99C} = {932F8931-4A8D-4205-BFCF-98E794207786}
		{50C281D9-1D55-4E5C-836B-94110EC09605} = {932F8931-4A8D-4205-BFCF-98E794207786}
		{A7A5E924-A49D-4052-ACA2-894161007B00} = {932F8931-4A8D-4205-BFCF-98E794207786}
		{A2B9E42A-B2D1-476D-9F4B-E64824DA57EE} = {932F8931-4A8D-4205-BFCF-98E794207786}
		{5A251894-0462-47B6-9A63-BE26AA8CABDD} = {932F8931-4A8D-4205-BFCF-98E794207786}
		{8003BA78-CB44-46B5-85A2-2A6440C3EFDC} = {932F8931-4A8D-4205-BFCF-98E794207786}
		{43CBA868-9BFC-4E02-8A7A-142C603B087E} = {E5A148A1-DE7B-4D17-ABE8-831B9673B863}
	EndGlobalSection
EndGlobal
