
Microsoft Visual Studio Solution File, Format Version 12.00
# Visual Studio 2013
VisualStudioVersion = 12.0.40629.0
MinimumVisualStudioVersion = 10.0.40219.1
Project("{FAE04EC0-301F-11D3-BF4B-00C04F79EFBC}") = "MonoGame.Extended", "MonoGame.Extended\MonoGame.Extended.csproj", "{41724C52-3D50-45BB-81EB-3C8A247EAFD1}"
EndProject
Project("{2150E333-8FDC-42A3-9474-1A3956D46DE8}") = "Solution Items", "Solution Items", "{068B9F42-8B49-4FAF-9D8C-701862FAC799}"
	ProjectSection(SolutionItems) = preProject
		..\README.md = ..\README.md
	EndProjectSection
EndProject
Project("{FAE04EC0-301F-11D3-BF4B-00C04F79EFBC}") = "Sandbox", "Sandbox\Sandbox.csproj", "{B7965D5F-83D2-4C04-B9FE-7D5FBF365F93}"
	ProjectSection(ProjectDependencies) = postProject
		{28CD24BD-432C-4987-9E9D-65CFCF120EA0} = {28CD24BD-432C-4987-9E9D-65CFCF120EA0}
	EndProjectSection
EndProject
Project("{FAE04EC0-301F-11D3-BF4B-00C04F79EFBC}") = "MonoGame.Extended.Content.Pipeline", "MonoGame.Extended.Content.Pipeline\MonoGame.Extended.Content.Pipeline.csproj", "{28CD24BD-432C-4987-9E9D-65CFCF120EA0}"
EndProject
Project("{2150E333-8FDC-42A3-9474-1A3956D46DE8}") = "Tests", "Tests", "{E5A148A1-DE7B-4D17-ABE8-831B9673B863}"
EndProject
Project("{FAE04EC0-301F-11D3-BF4B-00C04F79EFBC}") = "MonoGame.Extended.Tests", "MonoGame.Extended.Tests\MonoGame.Extended.Tests.csproj", "{CEF2144F-7E98-45A5-BE08-E6DBC307A5C1}"
EndProject
Project("{FAE04EC0-301F-11D3-BF4B-00C04F79EFBC}") = "MonoGame.Extended.Content.Pipeline.Tests", "MonoGame.Extended.Content.Pipeline.Tests\MonoGame.Extended.Content.Pipeline.Tests.csproj", "{75D76507-9CB0-4A60-BE46-696DF6E7AA6C}"
EndProject
Global
	GlobalSection(SolutionConfigurationPlatforms) = preSolution
		LinuxDebug|x86 = LinuxDebug|x86
		LinuxRelease|x86 = LinuxRelease|x86
		MacDebug|x86 = MacDebug|x86
		MacRelease|x86 = MacRelease|x86
		WindowsDebug|x86 = WindowsDebug|x86
		WindowsRelease|x86 = WindowsRelease|x86
	EndGlobalSection
	GlobalSection(ProjectConfigurationPlatforms) = postSolution
		{41724C52-3D50-45BB-81EB-3C8A247EAFD1}.LinuxDebug|x86.ActiveCfg = Debug|Any CPU
		{41724C52-3D50-45BB-81EB-3C8A247EAFD1}.LinuxDebug|x86.Build.0 = Debug|Any CPU
		{41724C52-3D50-45BB-81EB-3C8A247EAFD1}.LinuxRelease|x86.ActiveCfg = Release|Any CPU
		{41724C52-3D50-45BB-81EB-3C8A247EAFD1}.LinuxRelease|x86.Build.0 = Release|Any CPU
		{41724C52-3D50-45BB-81EB-3C8A247EAFD1}.MacDebug|x86.ActiveCfg = Debug|Any CPU
		{41724C52-3D50-45BB-81EB-3C8A247EAFD1}.MacDebug|x86.Build.0 = Debug|Any CPU
		{41724C52-3D50-45BB-81EB-3C8A247EAFD1}.MacRelease|x86.ActiveCfg = Release|Any CPU
		{41724C52-3D50-45BB-81EB-3C8A247EAFD1}.MacRelease|x86.Build.0 = Release|Any CPU
		{41724C52-3D50-45BB-81EB-3C8A247EAFD1}.WindowsDebug|x86.ActiveCfg = Debug|Any CPU
		{41724C52-3D50-45BB-81EB-3C8A247EAFD1}.WindowsDebug|x86.Build.0 = Debug|Any CPU
		{41724C52-3D50-45BB-81EB-3C8A247EAFD1}.WindowsRelease|x86.ActiveCfg = Release|Any CPU
		{41724C52-3D50-45BB-81EB-3C8A247EAFD1}.WindowsRelease|x86.Build.0 = Release|Any CPU
		{B7965D5F-83D2-4C04-B9FE-7D5FBF365F93}.LinuxDebug|x86.ActiveCfg = LinuxDebug|x86
		{B7965D5F-83D2-4C04-B9FE-7D5FBF365F93}.LinuxDebug|x86.Build.0 = LinuxDebug|x86
		{B7965D5F-83D2-4C04-B9FE-7D5FBF365F93}.LinuxRelease|x86.ActiveCfg = LinuxRelease|x86
		{B7965D5F-83D2-4C04-B9FE-7D5FBF365F93}.LinuxRelease|x86.Build.0 = LinuxRelease|x86
		{B7965D5F-83D2-4C04-B9FE-7D5FBF365F93}.MacDebug|x86.ActiveCfg = WindowsDebug|x86
		{B7965D5F-83D2-4C04-B9FE-7D5FBF365F93}.MacDebug|x86.Build.0 = WindowsDebug|x86
		{B7965D5F-83D2-4C04-B9FE-7D5FBF365F93}.MacRelease|x86.ActiveCfg = MacRelease|x86
		{B7965D5F-83D2-4C04-B9FE-7D5FBF365F93}.MacRelease|x86.Build.0 = MacRelease|x86
		{B7965D5F-83D2-4C04-B9FE-7D5FBF365F93}.WindowsDebug|x86.ActiveCfg = WindowsDebug|x86
		{B7965D5F-83D2-4C04-B9FE-7D5FBF365F93}.WindowsDebug|x86.Build.0 = WindowsDebug|x86
		{B7965D5F-83D2-4C04-B9FE-7D5FBF365F93}.WindowsRelease|x86.ActiveCfg = WindowsRelease|x86
		{B7965D5F-83D2-4C04-B9FE-7D5FBF365F93}.WindowsRelease|x86.Build.0 = WindowsRelease|x86
		{28CD24BD-432C-4987-9E9D-65CFCF120EA0}.LinuxDebug|x86.ActiveCfg = Debug|Any CPU
		{28CD24BD-432C-4987-9E9D-65CFCF120EA0}.LinuxDebug|x86.Build.0 = Debug|Any CPU
		{28CD24BD-432C-4987-9E9D-65CFCF120EA0}.LinuxRelease|x86.ActiveCfg = Release|Any CPU
		{28CD24BD-432C-4987-9E9D-65CFCF120EA0}.LinuxRelease|x86.Build.0 = Release|Any CPU
		{28CD24BD-432C-4987-9E9D-65CFCF120EA0}.MacDebug|x86.ActiveCfg = Debug|Any CPU
		{28CD24BD-432C-4987-9E9D-65CFCF120EA0}.MacDebug|x86.Build.0 = Debug|Any CPU
		{28CD24BD-432C-4987-9E9D-65CFCF120EA0}.MacRelease|x86.ActiveCfg = Release|Any CPU
		{28CD24BD-432C-4987-9E9D-65CFCF120EA0}.MacRelease|x86.Build.0 = Release|Any CPU
		{28CD24BD-432C-4987-9E9D-65CFCF120EA0}.WindowsDebug|x86.ActiveCfg = Debug|Any CPU
		{28CD24BD-432C-4987-9E9D-65CFCF120EA0}.WindowsDebug|x86.Build.0 = Debug|Any CPU
		{28CD24BD-432C-4987-9E9D-65CFCF120EA0}.WindowsRelease|x86.ActiveCfg = Release|Any CPU
		{28CD24BD-432C-4987-9E9D-65CFCF120EA0}.WindowsRelease|x86.Build.0 = Release|Any CPU
		{CEF2144F-7E98-45A5-BE08-E6DBC307A5C1}.LinuxDebug|x86.ActiveCfg = Debug|Any CPU
		{CEF2144F-7E98-45A5-BE08-E6DBC307A5C1}.LinuxRelease|x86.ActiveCfg = Release|Any CPU
		{CEF2144F-7E98-45A5-BE08-E6DBC307A5C1}.MacDebug|x86.ActiveCfg = Debug|Any CPU
		{CEF2144F-7E98-45A5-BE08-E6DBC307A5C1}.MacRelease|x86.ActiveCfg = Release|Any CPU
		{CEF2144F-7E98-45A5-BE08-E6DBC307A5C1}.WindowsDebug|x86.ActiveCfg = Debug|Any CPU
		{CEF2144F-7E98-45A5-BE08-E6DBC307A5C1}.WindowsRelease|x86.ActiveCfg = Release|Any CPU
		{75D76507-9CB0-4A60-BE46-696DF6E7AA6C}.LinuxDebug|x86.ActiveCfg = Debug|Any CPU
		{75D76507-9CB0-4A60-BE46-696DF6E7AA6C}.LinuxRelease|x86.ActiveCfg = Release|Any CPU
		{75D76507-9CB0-4A60-BE46-696DF6E7AA6C}.MacDebug|x86.ActiveCfg = Debug|Any CPU
		{75D76507-9CB0-4A60-BE46-696DF6E7AA6C}.MacRelease|x86.ActiveCfg = Release|Any CPU
		{75D76507-9CB0-4A60-BE46-696DF6E7AA6C}.WindowsDebug|x86.ActiveCfg = Debug|Any CPU
		{75D76507-9CB0-4A60-BE46-696DF6E7AA6C}.WindowsRelease|x86.ActiveCfg = Release|Any CPU
	EndGlobalSection
	GlobalSection(SolutionProperties) = preSolution
		HideSolutionNode = FALSE
	EndGlobalSection
	GlobalSection(NestedProjects) = preSolution
		{CEF2144F-7E98-45A5-BE08-E6DBC307A5C1} = {E5A148A1-DE7B-4D17-ABE8-831B9673B863}
		{75D76507-9CB0-4A60-BE46-696DF6E7AA6C} = {E5A148A1-DE7B-4D17-ABE8-831B9673B863}
	EndGlobalSection
EndGlobal
